// !$*UTF8*$!
{
	archiveVersion = 1;
	classes = {
	};
	objectVersion = 56;
	objects = {

/* Begin PBXBuildFile section */
		8A90E32D29408512008245E4 /* FeedMeApp.swift in Sources */ = {isa = PBXBuildFile; fileRef = 8A90E32C29408512008245E4 /* FeedMeApp.swift */; };
		8A90E32F29408512008245E4 /* Persistence.swift in Sources */ = {isa = PBXBuildFile; fileRef = 8A90E32E29408512008245E4 /* Persistence.swift */; };
		8A90E33229408512008245E4 /* FeedMe.xcdatamodeld in Sources */ = {isa = PBXBuildFile; fileRef = 8A90E33029408512008245E4 /* FeedMe.xcdatamodeld */; };
		8A90E33429408512008245E4 /* ContentView.swift in Sources */ = {isa = PBXBuildFile; fileRef = 8A90E33329408512008245E4 /* ContentView.swift */; };
		8A90E33629408514008245E4 /* Assets.xcassets in Resources */ = {isa = PBXBuildFile; fileRef = 8A90E33529408514008245E4 /* Assets.xcassets */; };
		8A90E33A29408514008245E4 /* Preview Assets.xcassets in Resources */ = {isa = PBXBuildFile; fileRef = 8A90E33929408514008245E4 /* Preview Assets.xcassets */; };
		8A90E34429408514008245E4 /* FeedMeTests.swift in Sources */ = {isa = PBXBuildFile; fileRef = 8A90E34329408514008245E4 /* FeedMeTests.swift */; };
		8A90E34E29408514008245E4 /* FeedMeUITests.swift in Sources */ = {isa = PBXBuildFile; fileRef = 8A90E34D29408514008245E4 /* FeedMeUITests.swift */; };
		8A90E35029408514008245E4 /* FeedMeUITestsLaunchTests.swift in Sources */ = {isa = PBXBuildFile; fileRef = 8A90E34F29408514008245E4 /* FeedMeUITestsLaunchTests.swift */; };
		8A90E35E29408588008245E4 /* SignInView.swift in Sources */ = {isa = PBXBuildFile; fileRef = 8A90E35D29408588008245E4 /* SignInView.swift */; };
		8A90E36229408625008245E4 /* MainView.swift in Sources */ = {isa = PBXBuildFile; fileRef = 8A90E36129408625008245E4 /* MainView.swift */; };
		8A90E3652940867E008245E4 /* HomeView.swift in Sources */ = {isa = PBXBuildFile; fileRef = 8A90E3642940867E008245E4 /* HomeView.swift */; };
		8A90E368294088B1008245E4 /* Urls.swift in Sources */ = {isa = PBXBuildFile; fileRef = 8A90E367294088B1008245E4 /* Urls.swift */; };
		8AA25B0829409252005768A3 /* Keys.swift in Sources */ = {isa = PBXBuildFile; fileRef = 8AA25B0729409252005768A3 /* Keys.swift */; };
		8AA25B0B2940945F005768A3 /* Tag.swift in Sources */ = {isa = PBXBuildFile; fileRef = 8AA25B0A2940945F005768A3 /* Tag.swift */; };
/* End PBXBuildFile section */

/* Begin PBXContainerItemProxy section */
		8A90E34029408514008245E4 /* PBXContainerItemProxy */ = {
			isa = PBXContainerItemProxy;
			containerPortal = 8A90E32129408512008245E4 /* Project object */;
			proxyType = 1;
			remoteGlobalIDString = 8A90E32829408512008245E4;
			remoteInfo = FeedMe;
		};
		8A90E34A29408514008245E4 /* PBXContainerItemProxy */ = {
			isa = PBXContainerItemProxy;
			containerPortal = 8A90E32129408512008245E4 /* Project object */;
			proxyType = 1;
			remoteGlobalIDString = 8A90E32829408512008245E4;
			remoteInfo = FeedMe;
		};
/* End PBXContainerItemProxy section */

/* Begin PBXFileReference section */
		8A90E32929408512008245E4 /* FeedMe.app */ = {isa = PBXFileReference; explicitFileType = wrapper.application; includeInIndex = 0; path = FeedMe.app; sourceTree = BUILT_PRODUCTS_DIR; };
		8A90E32C29408512008245E4 /* FeedMeApp.swift */ = {isa = PBXFileReference; lastKnownFileType = sourcecode.swift; path = FeedMeApp.swift; sourceTree = "<group>"; };
		8A90E32E29408512008245E4 /* Persistence.swift */ = {isa = PBXFileReference; lastKnownFileType = sourcecode.swift; path = Persistence.swift; sourceTree = "<group>"; };
		8A90E33129408512008245E4 /* FeedMe.xcdatamodel */ = {isa = PBXFileReference; lastKnownFileType = wrapper.xcdatamodel; path = FeedMe.xcdatamodel; sourceTree = "<group>"; };
		8A90E33329408512008245E4 /* ContentView.swift */ = {isa = PBXFileReference; lastKnownFileType = sourcecode.swift; path = ContentView.swift; sourceTree = "<group>"; };
		8A90E33529408514008245E4 /* Assets.xcassets */ = {isa = PBXFileReference; lastKnownFileType = folder.assetcatalog; path = Assets.xcassets; sourceTree = "<group>"; };
		8A90E33729408514008245E4 /* FeedMe.entitlements */ = {isa = PBXFileReference; lastKnownFileType = text.plist.entitlements; path = FeedMe.entitlements; sourceTree = "<group>"; };
		8A90E33929408514008245E4 /* Preview Assets.xcassets */ = {isa = PBXFileReference; lastKnownFileType = folder.assetcatalog; path = "Preview Assets.xcassets"; sourceTree = "<group>"; };
		8A90E33F29408514008245E4 /* FeedMeTests.xctest */ = {isa = PBXFileReference; explicitFileType = wrapper.cfbundle; includeInIndex = 0; path = FeedMeTests.xctest; sourceTree = BUILT_PRODUCTS_DIR; };
		8A90E34329408514008245E4 /* FeedMeTests.swift */ = {isa = PBXFileReference; lastKnownFileType = sourcecode.swift; path = FeedMeTests.swift; sourceTree = "<group>"; };
		8A90E34929408514008245E4 /* FeedMeUITests.xctest */ = {isa = PBXFileReference; explicitFileType = wrapper.cfbundle; includeInIndex = 0; path = FeedMeUITests.xctest; sourceTree = BUILT_PRODUCTS_DIR; };
		8A90E34D29408514008245E4 /* FeedMeUITests.swift */ = {isa = PBXFileReference; lastKnownFileType = sourcecode.swift; path = FeedMeUITests.swift; sourceTree = "<group>"; };
		8A90E34F29408514008245E4 /* FeedMeUITestsLaunchTests.swift */ = {isa = PBXFileReference; lastKnownFileType = sourcecode.swift; path = FeedMeUITestsLaunchTests.swift; sourceTree = "<group>"; };
		8A90E35D29408588008245E4 /* SignInView.swift */ = {isa = PBXFileReference; lastKnownFileType = sourcecode.swift; path = SignInView.swift; sourceTree = "<group>"; };
		8A90E36129408625008245E4 /* MainView.swift */ = {isa = PBXFileReference; lastKnownFileType = sourcecode.swift; path = MainView.swift; sourceTree = "<group>"; };
		8A90E3642940867E008245E4 /* HomeView.swift */ = {isa = PBXFileReference; lastKnownFileType = sourcecode.swift; path = HomeView.swift; sourceTree = "<group>"; };
		8A90E367294088B1008245E4 /* Urls.swift */ = {isa = PBXFileReference; lastKnownFileType = sourcecode.swift; path = Urls.swift; sourceTree = "<group>"; };
		8AA25B0729409252005768A3 /* Keys.swift */ = {isa = PBXFileReference; lastKnownFileType = sourcecode.swift; path = Keys.swift; sourceTree = "<group>"; };
		8AA25B0A2940945F005768A3 /* Tag.swift */ = {isa = PBXFileReference; lastKnownFileType = sourcecode.swift; path = Tag.swift; sourceTree = "<group>"; };
/* End PBXFileReference section */

/* Begin PBXFrameworksBuildPhase section */
		8A90E32629408512008245E4 /* Frameworks */ = {
			isa = PBXFrameworksBuildPhase;
			buildActionMask = 2147483647;
			files = (
			);
			runOnlyForDeploymentPostprocessing = 0;
		};
		8A90E33C29408514008245E4 /* Frameworks */ = {
			isa = PBXFrameworksBuildPhase;
			buildActionMask = 2147483647;
			files = (
			);
			runOnlyForDeploymentPostprocessing = 0;
		};
		8A90E34629408514008245E4 /* Frameworks */ = {
			isa = PBXFrameworksBuildPhase;
			buildActionMask = 2147483647;
			files = (
			);
			runOnlyForDeploymentPostprocessing = 0;
		};
/* End PBXFrameworksBuildPhase section */

/* Begin PBXGroup section */
		8A90E32029408512008245E4 = {
			isa = PBXGroup;
			children = (
				8A90E32B29408512008245E4 /* FeedMe */,
				8A90E34229408514008245E4 /* FeedMeTests */,
				8A90E34C29408514008245E4 /* FeedMeUITests */,
				8A90E32A29408512008245E4 /* Products */,
			);
			sourceTree = "<group>";
		};
		8A90E32A29408512008245E4 /* Products */ = {
			isa = PBXGroup;
			children = (
				8A90E32929408512008245E4 /* FeedMe.app */,
				8A90E33F29408514008245E4 /* FeedMeTests.xctest */,
				8A90E34929408514008245E4 /* FeedMeUITests.xctest */,
			);
			name = Products;
			sourceTree = "<group>";
		};
		8A90E32B29408512008245E4 /* FeedMe */ = {
			isa = PBXGroup;
			children = (
				8AA25B092940944E005768A3 /* Models */,
				8A90E366294088A0008245E4 /* Utils */,
				8A90E36329408674008245E4 /* Home */,
				8A90E35F294085AA008245E4 /* Main */,
				8A90E35C2940857A008245E4 /* Account */,
				8A90E32C29408512008245E4 /* FeedMeApp.swift */,
				8A90E32E29408512008245E4 /* Persistence.swift */,
				8A90E33329408512008245E4 /* ContentView.swift */,
				8A90E33529408514008245E4 /* Assets.xcassets */,
				8A90E33729408514008245E4 /* FeedMe.entitlements */,
				8A90E33029408512008245E4 /* FeedMe.xcdatamodeld */,
				8A90E33829408514008245E4 /* Preview Content */,
			);
			path = FeedMe;
			sourceTree = "<group>";
		};
		8A90E33829408514008245E4 /* Preview Content */ = {
			isa = PBXGroup;
			children = (
				8A90E33929408514008245E4 /* Preview Assets.xcassets */,
			);
			path = "Preview Content";
			sourceTree = "<group>";
		};
		8A90E34229408514008245E4 /* FeedMeTests */ = {
			isa = PBXGroup;
			children = (
				8A90E34329408514008245E4 /* FeedMeTests.swift */,
			);
			path = FeedMeTests;
			sourceTree = "<group>";
		};
		8A90E34C29408514008245E4 /* FeedMeUITests */ = {
			isa = PBXGroup;
			children = (
				8A90E34D29408514008245E4 /* FeedMeUITests.swift */,
				8A90E34F29408514008245E4 /* FeedMeUITestsLaunchTests.swift */,
			);
			path = FeedMeUITests;
			sourceTree = "<group>";
		};
		8A90E35C2940857A008245E4 /* Account */ = {
			isa = PBXGroup;
			children = (
				8A90E35D29408588008245E4 /* SignInView.swift */,
			);
			path = Account;
			sourceTree = "<group>";
		};
		8A90E35F294085AA008245E4 /* Main */ = {
			isa = PBXGroup;
			children = (
				8A90E36129408625008245E4 /* MainView.swift */,
			);
			path = Main;
			sourceTree = "<group>";
		};
		8A90E36329408674008245E4 /* Home */ = {
			isa = PBXGroup;
			children = (
				8A90E3642940867E008245E4 /* HomeView.swift */,
			);
			path = Home;
			sourceTree = "<group>";
		};
		8A90E366294088A0008245E4 /* Utils */ = {
			isa = PBXGroup;
			children = (
				8A90E367294088B1008245E4 /* Urls.swift */,
				8AA25B0729409252005768A3 /* Keys.swift */,
			);
			path = Utils;
			sourceTree = "<group>";
		};
		8AA25B092940944E005768A3 /* Models */ = {
			isa = PBXGroup;
			children = (
				8AA25B0A2940945F005768A3 /* Tag.swift */,
			);
			path = Models;
			sourceTree = "<group>";
		};
/* End PBXGroup section */

/* Begin PBXNativeTarget section */
		8A90E32829408512008245E4 /* FeedMe */ = {
			isa = PBXNativeTarget;
			buildConfigurationList = 8A90E35329408514008245E4 /* Build configuration list for PBXNativeTarget "FeedMe" */;
			buildPhases = (
				8A90E32529408512008245E4 /* Sources */,
				8A90E32629408512008245E4 /* Frameworks */,
				8A90E32729408512008245E4 /* Resources */,
			);
			buildRules = (
			);
			dependencies = (
			);
			name = FeedMe;
			productName = FeedMe;
			productReference = 8A90E32929408512008245E4 /* FeedMe.app */;
			productType = "com.apple.product-type.application";
		};
		8A90E33E29408514008245E4 /* FeedMeTests */ = {
			isa = PBXNativeTarget;
			buildConfigurationList = 8A90E35629408514008245E4 /* Build configuration list for PBXNativeTarget "FeedMeTests" */;
			buildPhases = (
				8A90E33B29408514008245E4 /* Sources */,
				8A90E33C29408514008245E4 /* Frameworks */,
				8A90E33D29408514008245E4 /* Resources */,
			);
			buildRules = (
			);
			dependencies = (
				8A90E34129408514008245E4 /* PBXTargetDependency */,
			);
			name = FeedMeTests;
			productName = FeedMeTests;
			productReference = 8A90E33F29408514008245E4 /* FeedMeTests.xctest */;
			productType = "com.apple.product-type.bundle.unit-test";
		};
		8A90E34829408514008245E4 /* FeedMeUITests */ = {
			isa = PBXNativeTarget;
			buildConfigurationList = 8A90E35929408514008245E4 /* Build configuration list for PBXNativeTarget "FeedMeUITests" */;
			buildPhases = (
				8A90E34529408514008245E4 /* Sources */,
				8A90E34629408514008245E4 /* Frameworks */,
				8A90E34729408514008245E4 /* Resources */,
			);
			buildRules = (
			);
			dependencies = (
				8A90E34B29408514008245E4 /* PBXTargetDependency */,
			);
			name = FeedMeUITests;
			productName = FeedMeUITests;
			productReference = 8A90E34929408514008245E4 /* FeedMeUITests.xctest */;
			productType = "com.apple.product-type.bundle.ui-testing";
		};
/* End PBXNativeTarget section */

/* Begin PBXProject section */
		8A90E32129408512008245E4 /* Project object */ = {
			isa = PBXProject;
			attributes = {
				BuildIndependentTargetsInParallel = 1;
				LastSwiftUpdateCheck = 1410;
				LastUpgradeCheck = 1410;
				TargetAttributes = {
					8A90E32829408512008245E4 = {
						CreatedOnToolsVersion = 14.1;
					};
					8A90E33E29408514008245E4 = {
						CreatedOnToolsVersion = 14.1;
						TestTargetID = 8A90E32829408512008245E4;
					};
					8A90E34829408514008245E4 = {
						CreatedOnToolsVersion = 14.1;
						TestTargetID = 8A90E32829408512008245E4;
					};
				};
			};
			buildConfigurationList = 8A90E32429408512008245E4 /* Build configuration list for PBXProject "FeedMe" */;
			compatibilityVersion = "Xcode 14.0";
			developmentRegion = en;
			hasScannedForEncodings = 0;
			knownRegions = (
				en,
				Base,
			);
			mainGroup = 8A90E32029408512008245E4;
			productRefGroup = 8A90E32A29408512008245E4 /* Products */;
			projectDirPath = "";
			projectRoot = "";
			targets = (
				8A90E32829408512008245E4 /* FeedMe */,
				8A90E33E29408514008245E4 /* FeedMeTests */,
				8A90E34829408514008245E4 /* FeedMeUITests */,
			);
		};
/* End PBXProject section */

/* Begin PBXResourcesBuildPhase section */
		8A90E32729408512008245E4 /* Resources */ = {
			isa = PBXResourcesBuildPhase;
			buildActionMask = 2147483647;
			files = (
				8A90E33A29408514008245E4 /* Preview Assets.xcassets in Resources */,
				8A90E33629408514008245E4 /* Assets.xcassets in Resources */,
			);
			runOnlyForDeploymentPostprocessing = 0;
		};
		8A90E33D29408514008245E4 /* Resources */ = {
			isa = PBXResourcesBuildPhase;
			buildActionMask = 2147483647;
			files = (
			);
			runOnlyForDeploymentPostprocessing = 0;
		};
		8A90E34729408514008245E4 /* Resources */ = {
			isa = PBXResourcesBuildPhase;
			buildActionMask = 2147483647;
			files = (
			);
			runOnlyForDeploymentPostprocessing = 0;
		};
/* End PBXResourcesBuildPhase section */

/* Begin PBXSourcesBuildPhase section */
		8A90E32529408512008245E4 /* Sources */ = {
			isa = PBXSourcesBuildPhase;
			buildActionMask = 2147483647;
			files = (
				8A90E32D29408512008245E4 /* FeedMeApp.swift in Sources */,
				8A90E3652940867E008245E4 /* HomeView.swift in Sources */,
				8AA25B0B2940945F005768A3 /* Tag.swift in Sources */,
				8A90E36229408625008245E4 /* MainView.swift in Sources */,
				8A90E368294088B1008245E4 /* Urls.swift in Sources */,
				8A90E32F29408512008245E4 /* Persistence.swift in Sources */,
				8A90E33429408512008245E4 /* ContentView.swift in Sources */,
				8A90E33229408512008245E4 /* FeedMe.xcdatamodeld in Sources */,
				8AA25B0829409252005768A3 /* Keys.swift in Sources */,
				8A90E35E29408588008245E4 /* SignInView.swift in Sources */,
			);
			runOnlyForDeploymentPostprocessing = 0;
		};
		8A90E33B29408514008245E4 /* Sources */ = {
			isa = PBXSourcesBuildPhase;
			buildActionMask = 2147483647;
			files = (
				8A90E34429408514008245E4 /* FeedMeTests.swift in Sources */,
			);
			runOnlyForDeploymentPostprocessing = 0;
		};
		8A90E34529408514008245E4 /* Sources */ = {
			isa = PBXSourcesBuildPhase;
			buildActionMask = 2147483647;
			files = (
				8A90E35029408514008245E4 /* FeedMeUITestsLaunchTests.swift in Sources */,
				8A90E34E29408514008245E4 /* FeedMeUITests.swift in Sources */,
			);
			runOnlyForDeploymentPostprocessing = 0;
		};
/* End PBXSourcesBuildPhase section */

/* Begin PBXTargetDependency section */
		8A90E34129408514008245E4 /* PBXTargetDependency */ = {
			isa = PBXTargetDependency;
			target = 8A90E32829408512008245E4 /* FeedMe */;
			targetProxy = 8A90E34029408514008245E4 /* PBXContainerItemProxy */;
		};
		8A90E34B29408514008245E4 /* PBXTargetDependency */ = {
			isa = PBXTargetDependency;
			target = 8A90E32829408512008245E4 /* FeedMe */;
			targetProxy = 8A90E34A29408514008245E4 /* PBXContainerItemProxy */;
		};
/* End PBXTargetDependency section */

/* Begin XCBuildConfiguration section */
		8A90E35129408514008245E4 /* Debug */ = {
			isa = XCBuildConfiguration;
			buildSettings = {
				ALWAYS_SEARCH_USER_PATHS = NO;
				CLANG_ANALYZER_NONNULL = YES;
				CLANG_ANALYZER_NUMBER_OBJECT_CONVERSION = YES_AGGRESSIVE;
				CLANG_CXX_LANGUAGE_STANDARD = "gnu++20";
				CLANG_ENABLE_MODULES = YES;
				CLANG_ENABLE_OBJC_ARC = YES;
				CLANG_ENABLE_OBJC_WEAK = YES;
				CLANG_WARN_BLOCK_CAPTURE_AUTORELEASING = YES;
				CLANG_WARN_BOOL_CONVERSION = YES;
				CLANG_WARN_COMMA = YES;
				CLANG_WARN_CONSTANT_CONVERSION = YES;
				CLANG_WARN_DEPRECATED_OBJC_IMPLEMENTATIONS = YES;
				CLANG_WARN_DIRECT_OBJC_ISA_USAGE = YES_ERROR;
				CLANG_WARN_DOCUMENTATION_COMMENTS = YES;
				CLANG_WARN_EMPTY_BODY = YES;
				CLANG_WARN_ENUM_CONVERSION = YES;
				CLANG_WARN_INFINITE_RECURSION = YES;
				CLANG_WARN_INT_CONVERSION = YES;
				CLANG_WARN_NON_LITERAL_NULL_CONVERSION = YES;
				CLANG_WARN_OBJC_IMPLICIT_RETAIN_SELF = YES;
				CLANG_WARN_OBJC_LITERAL_CONVERSION = YES;
				CLANG_WARN_OBJC_ROOT_CLASS = YES_ERROR;
				CLANG_WARN_QUOTED_INCLUDE_IN_FRAMEWORK_HEADER = YES;
				CLANG_WARN_RANGE_LOOP_ANALYSIS = YES;
				CLANG_WARN_STRICT_PROTOTYPES = YES;
				CLANG_WARN_SUSPICIOUS_MOVE = YES;
				CLANG_WARN_UNGUARDED_AVAILABILITY = YES_AGGRESSIVE;
				CLANG_WARN_UNREACHABLE_CODE = YES;
				CLANG_WARN__DUPLICATE_METHOD_MATCH = YES;
				COPY_PHASE_STRIP = NO;
				DEBUG_INFORMATION_FORMAT = dwarf;
				ENABLE_STRICT_OBJC_MSGSEND = YES;
				ENABLE_TESTABILITY = YES;
				GCC_C_LANGUAGE_STANDARD = gnu11;
				GCC_DYNAMIC_NO_PIC = NO;
				GCC_NO_COMMON_BLOCKS = YES;
				GCC_OPTIMIZATION_LEVEL = 0;
				GCC_PREPROCESSOR_DEFINITIONS = (
					"DEBUG=1",
					"$(inherited)",
				);
				GCC_WARN_64_TO_32_BIT_CONVERSION = YES;
				GCC_WARN_ABOUT_RETURN_TYPE = YES_ERROR;
				GCC_WARN_UNDECLARED_SELECTOR = YES;
				GCC_WARN_UNINITIALIZED_AUTOS = YES_AGGRESSIVE;
				GCC_WARN_UNUSED_FUNCTION = YES;
				GCC_WARN_UNUSED_VARIABLE = YES;
				MTL_ENABLE_DEBUG_INFO = INCLUDE_SOURCE;
				MTL_FAST_MATH = YES;
				ONLY_ACTIVE_ARCH = YES;
				SWIFT_ACTIVE_COMPILATION_CONDITIONS = DEBUG;
				SWIFT_OPTIMIZATION_LEVEL = "-Onone";
			};
			name = Debug;
		};
		8A90E35229408514008245E4 /* Release */ = {
			isa = XCBuildConfiguration;
			buildSettings = {
				ALWAYS_SEARCH_USER_PATHS = NO;
				CLANG_ANALYZER_NONNULL = YES;
				CLANG_ANALYZER_NUMBER_OBJECT_CONVERSION = YES_AGGRESSIVE;
				CLANG_CXX_LANGUAGE_STANDARD = "gnu++20";
				CLANG_ENABLE_MODULES = YES;
				CLANG_ENABLE_OBJC_ARC = YES;
				CLANG_ENABLE_OBJC_WEAK = YES;
				CLANG_WARN_BLOCK_CAPTURE_AUTORELEASING = YES;
				CLANG_WARN_BOOL_CONVERSION = YES;
				CLANG_WARN_COMMA = YES;
				CLANG_WARN_CONSTANT_CONVERSION = YES;
				CLANG_WARN_DEPRECATED_OBJC_IMPLEMENTATIONS = YES;
				CLANG_WARN_DIRECT_OBJC_ISA_USAGE = YES_ERROR;
				CLANG_WARN_DOCUMENTATION_COMMENTS = YES;
				CLANG_WARN_EMPTY_BODY = YES;
				CLANG_WARN_ENUM_CONVERSION = YES;
				CLANG_WARN_INFINITE_RECURSION = YES;
				CLANG_WARN_INT_CONVERSION = YES;
				CLANG_WARN_NON_LITERAL_NULL_CONVERSION = YES;
				CLANG_WARN_OBJC_IMPLICIT_RETAIN_SELF = YES;
				CLANG_WARN_OBJC_LITERAL_CONVERSION = YES;
				CLANG_WARN_OBJC_ROOT_CLASS = YES_ERROR;
				CLANG_WARN_QUOTED_INCLUDE_IN_FRAMEWORK_HEADER = YES;
				CLANG_WARN_RANGE_LOOP_ANALYSIS = YES;
				CLANG_WARN_STRICT_PROTOTYPES = YES;
				CLANG_WARN_SUSPICIOUS_MOVE = YES;
				CLANG_WARN_UNGUARDED_AVAILABILITY = YES_AGGRESSIVE;
				CLANG_WARN_UNREACHABLE_CODE = YES;
				CLANG_WARN__DUPLICATE_METHOD_MATCH = YES;
				COPY_PHASE_STRIP = NO;
				DEBUG_INFORMATION_FORMAT = "dwarf-with-dsym";
				ENABLE_NS_ASSERTIONS = NO;
				ENABLE_STRICT_OBJC_MSGSEND = YES;
				GCC_C_LANGUAGE_STANDARD = gnu11;
				GCC_NO_COMMON_BLOCKS = YES;
				GCC_WARN_64_TO_32_BIT_CONVERSION = YES;
				GCC_WARN_ABOUT_RETURN_TYPE = YES_ERROR;
				GCC_WARN_UNDECLARED_SELECTOR = YES;
				GCC_WARN_UNINITIALIZED_AUTOS = YES_AGGRESSIVE;
				GCC_WARN_UNUSED_FUNCTION = YES;
				GCC_WARN_UNUSED_VARIABLE = YES;
				MTL_ENABLE_DEBUG_INFO = NO;
				MTL_FAST_MATH = YES;
				SWIFT_COMPILATION_MODE = wholemodule;
				SWIFT_OPTIMIZATION_LEVEL = "-O";
			};
			name = Release;
		};
		8A90E35429408514008245E4 /* Debug */ = {
			isa = XCBuildConfiguration;
			buildSettings = {
				ASSETCATALOG_COMPILER_APPICON_NAME = AppIcon;
				ASSETCATALOG_COMPILER_GLOBAL_ACCENT_COLOR_NAME = AccentColor;
				CODE_SIGN_ENTITLEMENTS = FeedMe/FeedMe.entitlements;
				CODE_SIGN_STYLE = Automatic;
				CURRENT_PROJECT_VERSION = 1;
				DEVELOPMENT_ASSET_PATHS = "\"FeedMe/Preview Content\"";
				DEVELOPMENT_TEAM = ENJ8MS4EMS;
				ENABLE_HARDENED_RUNTIME = YES;
				ENABLE_PREVIEWS = YES;
				GENERATE_INFOPLIST_FILE = YES;
				"INFOPLIST_KEY_UIApplicationSceneManifest_Generation[sdk=iphoneos*]" = YES;
				"INFOPLIST_KEY_UIApplicationSceneManifest_Generation[sdk=iphonesimulator*]" = YES;
				"INFOPLIST_KEY_UIApplicationSupportsIndirectInputEvents[sdk=iphoneos*]" = YES;
				"INFOPLIST_KEY_UIApplicationSupportsIndirectInputEvents[sdk=iphonesimulator*]" = YES;
				"INFOPLIST_KEY_UILaunchScreen_Generation[sdk=iphoneos*]" = YES;
				"INFOPLIST_KEY_UILaunchScreen_Generation[sdk=iphonesimulator*]" = YES;
				"INFOPLIST_KEY_UIStatusBarStyle[sdk=iphoneos*]" = UIStatusBarStyleDefault;
				"INFOPLIST_KEY_UIStatusBarStyle[sdk=iphonesimulator*]" = UIStatusBarStyleDefault;
				INFOPLIST_KEY_UISupportedInterfaceOrientations_iPad = "UIInterfaceOrientationPortrait UIInterfaceOrientationPortraitUpsideDown UIInterfaceOrientationLandscapeLeft UIInterfaceOrientationLandscapeRight";
				INFOPLIST_KEY_UISupportedInterfaceOrientations_iPhone = "UIInterfaceOrientationPortrait UIInterfaceOrientationLandscapeLeft UIInterfaceOrientationLandscapeRight";
				IPHONEOS_DEPLOYMENT_TARGET = 16.1;
				LD_RUNPATH_SEARCH_PATHS = "@executable_path/Frameworks";
				"LD_RUNPATH_SEARCH_PATHS[sdk=macosx*]" = "@executable_path/../Frameworks";
				MACOSX_DEPLOYMENT_TARGET = 12.6;
				MARKETING_VERSION = 1.0;
				PRODUCT_BUNDLE_IDENTIFIER = xyz.gmnz.FeedMe;
				PRODUCT_NAME = "$(TARGET_NAME)";
				SDKROOT = auto;
				SUPPORTED_PLATFORMS = "iphoneos iphonesimulator macosx";
				SWIFT_EMIT_LOC_STRINGS = YES;
				SWIFT_VERSION = 5.0;
				TARGETED_DEVICE_FAMILY = "1,2";
			};
			name = Debug;
		};
		8A90E35529408514008245E4 /* Release */ = {
			isa = XCBuildConfiguration;
			buildSettings = {
				ASSETCATALOG_COMPILER_APPICON_NAME = AppIcon;
				ASSETCATALOG_COMPILER_GLOBAL_ACCENT_COLOR_NAME = AccentColor;
				CODE_SIGN_ENTITLEMENTS = FeedMe/FeedMe.entitlements;
				CODE_SIGN_STYLE = Automatic;
				CURRENT_PROJECT_VERSION = 1;
				DEVELOPMENT_ASSET_PATHS = "\"FeedMe/Preview Content\"";
				DEVELOPMENT_TEAM = ENJ8MS4EMS;
				ENABLE_HARDENED_RUNTIME = YES;
				ENABLE_PREVIEWS = YES;
				GENERATE_INFOPLIST_FILE = YES;
				"INFOPLIST_KEY_UIApplicationSceneManifest_Generation[sdk=iphoneos*]" = YES;
				"INFOPLIST_KEY_UIApplicationSceneManifest_Generation[sdk=iphonesimulator*]" = YES;
				"INFOPLIST_KEY_UIApplicationSupportsIndirectInputEvents[sdk=iphoneos*]" = YES;
				"INFOPLIST_KEY_UIApplicationSupportsIndirectInputEvents[sdk=iphonesimulator*]" = YES;
				"INFOPLIST_KEY_UILaunchScreen_Generation[sdk=iphoneos*]" = YES;
				"INFOPLIST_KEY_UILaunchScreen_Generation[sdk=iphonesimulator*]" = YES;
				"INFOPLIST_KEY_UIStatusBarStyle[sdk=iphoneos*]" = UIStatusBarStyleDefault;
				"INFOPLIST_KEY_UIStatusBarStyle[sdk=iphonesimulator*]" = UIStatusBarStyleDefault;
				INFOPLIST_KEY_UISupportedInterfaceOrientations_iPad = "UIInterfaceOrientationPortrait UIInterfaceOrientationPortraitUpsideDown UIInterfaceOrientationLandscapeLeft UIInterfaceOrientationLandscapeRight";
				INFOPLIST_KEY_UISupportedInterfaceOrientations_iPhone = "UIInterfaceOrientationPortrait UIInterfaceOrientationLandscapeLeft UIInterfaceOrientationLandscapeRight";
				IPHONEOS_DEPLOYMENT_TARGET = 16.1;
				LD_RUNPATH_SEARCH_PATHS = "@executable_path/Frameworks";
				"LD_RUNPATH_SEARCH_PATHS[sdk=macosx*]" = "@executable_path/../Frameworks";
				MACOSX_DEPLOYMENT_TARGET = 12.6;
				MARKETING_VERSION = 1.0;
				PRODUCT_BUNDLE_IDENTIFIER = xyz.gmnz.FeedMe;
				PRODUCT_NAME = "$(TARGET_NAME)";
				SDKROOT = auto;
				SUPPORTED_PLATFORMS = "iphoneos iphonesimulator macosx";
				SWIFT_EMIT_LOC_STRINGS = YES;
				SWIFT_VERSION = 5.0;
				TARGETED_DEVICE_FAMILY = "1,2";
			};
			name = Release;
		};
		8A90E35729408514008245E4 /* Debug */ = {
			isa = XCBuildConfiguration;
			buildSettings = {
				ALWAYS_EMBED_SWIFT_STANDARD_LIBRARIES = YES;
				BUNDLE_LOADER = "$(TEST_HOST)";
				CODE_SIGN_STYLE = Automatic;
				CURRENT_PROJECT_VERSION = 1;
				DEVELOPMENT_TEAM = ENJ8MS4EMS;
				GENERATE_INFOPLIST_FILE = YES;
				IPHONEOS_DEPLOYMENT_TARGET = 16.1;
				MACOSX_DEPLOYMENT_TARGET = 12.6;
				MARKETING_VERSION = 1.0;
				PRODUCT_BUNDLE_IDENTIFIER = xyz.gmnz.FeedMeTests;
				PRODUCT_NAME = "$(TARGET_NAME)";
				SDKROOT = auto;
				SUPPORTED_PLATFORMS = "iphoneos iphonesimulator macosx";
				SWIFT_EMIT_LOC_STRINGS = NO;
				SWIFT_VERSION = 5.0;
				TARGETED_DEVICE_FAMILY = "1,2";
				TEST_HOST = "$(BUILT_PRODUCTS_DIR)/FeedMe.app/$(BUNDLE_EXECUTABLE_FOLDER_PATH)/FeedMe";
			};
			name = Debug;
		};
		8A90E35829408514008245E4 /* Release */ = {
			isa = XCBuildConfiguration;
			buildSettings = {
				ALWAYS_EMBED_SWIFT_STANDARD_LIBRARIES = YES;
				BUNDLE_LOADER = "$(TEST_HOST)";
				CODE_SIGN_STYLE = Automatic;
				CURRENT_PROJECT_VERSION = 1;
				DEVELOPMENT_TEAM = ENJ8MS4EMS;
				GENERATE_INFOPLIST_FILE = YES;
				IPHONEOS_DEPLOYMENT_TARGET = 16.1;
				MACOSX_DEPLOYMENT_TARGET = 12.6;
				MARKETING_VERSION = 1.0;
				PRODUCT_BUNDLE_IDENTIFIER = xyz.gmnz.FeedMeTests;
				PRODUCT_NAME = "$(TARGET_NAME)";
				SDKROOT = auto;
				SUPPORTED_PLATFORMS = "iphoneos iphonesimulator macosx";
				SWIFT_EMIT_LOC_STRINGS = NO;
				SWIFT_VERSION = 5.0;
				TARGETED_DEVICE_FAMILY = "1,2";
				TEST_HOST = "$(BUILT_PRODUCTS_DIR)/FeedMe.app/$(BUNDLE_EXECUTABLE_FOLDER_PATH)/FeedMe";
			};
			name = Release;
		};
		8A90E35A29408514008245E4 /* Debug */ = {
			isa = XCBuildConfiguration;
			buildSettings = {
				ALWAYS_EMBED_SWIFT_STANDARD_LIBRARIES = YES;
				CODE_SIGN_STYLE = Automatic;
				CURRENT_PROJECT_VERSION = 1;
				DEVELOPMENT_TEAM = ENJ8MS4EMS;
				GENERATE_INFOPLIST_FILE = YES;
				IPHONEOS_DEPLOYMENT_TARGET = 16.1;
				MACOSX_DEPLOYMENT_TARGET = 12.6;
				MARKETING_VERSION = 1.0;
				PRODUCT_BUNDLE_IDENTIFIER = xyz.gmnz.FeedMeUITests;
				PRODUCT_NAME = "$(TARGET_NAME)";
				SDKROOT = auto;
				SUPPORTED_PLATFORMS = "iphoneos iphonesimulator macosx";
				SWIFT_EMIT_LOC_STRINGS = NO;
				SWIFT_VERSION = 5.0;
				TARGETED_DEVICE_FAMILY = "1,2";
				TEST_TARGET_NAME = FeedMe;
			};
			name = Debug;
		};
		8A90E35B29408514008245E4 /* Release */ = {
			isa = XCBuildConfiguration;
			buildSettings = {
				ALWAYS_EMBED_SWIFT_STANDARD_LIBRARIES = YES;
				CODE_SIGN_STYLE = Automatic;
				CURRENT_PROJECT_VERSION = 1;
				DEVELOPMENT_TEAM = ENJ8MS4EMS;
				GENERATE_INFOPLIST_FILE = YES;
				IPHONEOS_DEPLOYMENT_TARGET = 16.1;
				MACOSX_DEPLOYMENT_TARGET = 12.6;
				MARKETING_VERSION = 1.0;
				PRODUCT_BUNDLE_IDENTIFIER = xyz.gmnz.FeedMeUITests;
				PRODUCT_NAME = "$(TARGET_NAME)";
				SDKROOT = auto;
				SUPPORTED_PLATFORMS = "iphoneos iphonesimulator macosx";
				SWIFT_EMIT_LOC_STRINGS = NO;
				SWIFT_VERSION = 5.0;
				TARGETED_DEVICE_FAMILY = "1,2";
				TEST_TARGET_NAME = FeedMe;
			};
			name = Release;
		};
/* End XCBuildConfiguration section */

/* Begin XCConfigurationList section */
		8A90E32429408512008245E4 /* Build configuration list for PBXProject "FeedMe" */ = {
			isa = XCConfigurationList;
			buildConfigurations = (
				8A90E35129408514008245E4 /* Debug */,
				8A90E35229408514008245E4 /* Release */,
			);
			defaultConfigurationIsVisible = 0;
			defaultConfigurationName = Release;
		};
		8A90E35329408514008245E4 /* Build configuration list for PBXNativeTarget "FeedMe" */ = {
			isa = XCConfigurationList;
			buildConfigurations = (
				8A90E35429408514008245E4 /* Debug */,
				8A90E35529408514008245E4 /* Release */,
			);
			defaultConfigurationIsVisible = 0;
			defaultConfigurationName = Release;
		};
		8A90E35629408514008245E4 /* Build configuration list for PBXNativeTarget "FeedMeTests" */ = {
			isa = XCConfigurationList;
			buildConfigurations = (
				8A90E35729408514008245E4 /* Debug */,
				8A90E35829408514008245E4 /* Release */,
			);
			defaultConfigurationIsVisible = 0;
			defaultConfigurationName = Release;
		};
		8A90E35929408514008245E4 /* Build configuration list for PBXNativeTarget "FeedMeUITests" */ = {
			isa = XCConfigurationList;
			buildConfigurations = (
				8A90E35A29408514008245E4 /* Debug */,
				8A90E35B29408514008245E4 /* Release */,
			);
			defaultConfigurationIsVisible = 0;
			defaultConfigurationName = Release;
		};
/* End XCConfigurationList section */

/* Begin XCVersionGroup section */
		8A90E33029408512008245E4 /* FeedMe.xcdatamodeld */ = {
			isa = XCVersionGroup;
			children = (
				8A90E33129408512008245E4 /* FeedMe.xcdatamodel */,
			);
			currentVersion = 8A90E33129408512008245E4 /* FeedMe.xcdatamodel */;
			path = FeedMe.xcdatamodeld;
			sourceTree = "<group>";
			versionGroupType = wrapper.xcdatamodel;
		};
/* End XCVersionGroup section */
	};
	rootObject = 8A90E32129408512008245E4 /* Project object */;
}
